// !$*UTF8*$!
{
	archiveVersion = 1;
	classes = {
	};
	objectVersion = 50;
	objects = {

/* Begin PBXBuildFile section */
		BA06E6471E3C2EAF007E4F81 /* AppDelegate.swift in Sources */ = {isa = PBXBuildFile; fileRef = BA06E6461E3C2EAF007E4F81 /* AppDelegate.swift */; };
		BA06E64E1E3C2EAF007E4F81 /* Main.storyboard in Resources */ = {isa = PBXBuildFile; fileRef = BA06E64C1E3C2EAF007E4F81 /* Main.storyboard */; };
		BA06E6501E3C2EAF007E4F81 /* Assets.xcassets in Resources */ = {isa = PBXBuildFile; fileRef = BA06E64F1E3C2EAF007E4F81 /* Assets.xcassets */; };
		BA06E6531E3C2EAF007E4F81 /* LaunchScreen.storyboard in Resources */ = {isa = PBXBuildFile; fileRef = BA06E6511E3C2EAF007E4F81 /* LaunchScreen.storyboard */; };
		BA06E6611E3C2F06007E4F81 /* CategoryCell.swift in Sources */ = {isa = PBXBuildFile; fileRef = BA06E65A1E3C2F06007E4F81 /* CategoryCell.swift */; };
		BA06E6621E3C2F06007E4F81 /* DatabaseManager.swift in Sources */ = {isa = PBXBuildFile; fileRef = BA06E65B1E3C2F06007E4F81 /* DatabaseManager.swift */; };
		BA06E6631E3C2F06007E4F81 /* Expense.swift in Sources */ = {isa = PBXBuildFile; fileRef = BA06E65C1E3C2F06007E4F81 /* Expense.swift */; };
		BA06E6641E3C2F06007E4F81 /* ExpenseCell.swift in Sources */ = {isa = PBXBuildFile; fileRef = BA06E65D1E3C2F06007E4F81 /* ExpenseCell.swift */; };
		BA06E6651E3C2F06007E4F81 /* ExpenseViewController.swift in Sources */ = {isa = PBXBuildFile; fileRef = BA06E65E1E3C2F06007E4F81 /* ExpenseViewController.swift */; };
		BA06E6661E3C2F06007E4F81 /* HistoryViewController.swift in Sources */ = {isa = PBXBuildFile; fileRef = BA06E65F1E3C2F06007E4F81 /* HistoryViewController.swift */; };
		BA06E6671E3C2F06007E4F81 /* OverviewViewController.swift in Sources */ = {isa = PBXBuildFile; fileRef = BA06E6601E3C2F06007E4F81 /* OverviewViewController.swift */; };
		BA06E6831E3C30B5007E4F81 /* SQLite.framework in Frameworks */ = {isa = PBXBuildFile; fileRef = BA06E6751E3C2FB9007E4F81 /* SQLite.framework */; };
		BA06E6851E3C30DF007E4F81 /* SQLite.framework in Embed Frameworks */ = {isa = PBXBuildFile; fileRef = BA06E6751E3C2FB9007E4F81 /* SQLite.framework */; settings = {ATTRIBUTES = (CodeSignOnCopy, RemoveHeadersOnCopy, ); }; };
		BA06E69A1E3C3797007E4F81 /* zh-Hans.lproj in Resources */ = {isa = PBXBuildFile; fileRef = BA06E6991E3C3797007E4F81 /* zh-Hans.lproj */; };
		BA830F651E3C6AE2008F4404 /* Charts.framework in Frameworks */ = {isa = PBXBuildFile; fileRef = BA830F601E3C6AA3008F4404 /* Charts.framework */; };
		BA830F661E3C6AE2008F4404 /* Charts.framework in Embed Frameworks */ = {isa = PBXBuildFile; fileRef = BA830F601E3C6AA3008F4404 /* Charts.framework */; settings = {ATTRIBUTES = (CodeSignOnCopy, RemoveHeadersOnCopy, ); }; };
/* End PBXBuildFile section */

/* Begin PBXContainerItemProxy section */
		BA06E6741E3C2FB9007E4F81 /* PBXContainerItemProxy */ = {
			isa = PBXContainerItemProxy;
			containerPortal = BA06E66A1E3C2FB9007E4F81 /* SQLite.xcodeproj */;
			proxyType = 2;
			remoteGlobalIDString = EE247AD31C3F04ED00AE3E12;
			remoteInfo = "SQLite iOS";
		};
		BA06E6761E3C2FB9007E4F81 /* PBXContainerItemProxy */ = {
			isa = PBXContainerItemProxy;
			containerPortal = BA06E66A1E3C2FB9007E4F81 /* SQLite.xcodeproj */;
			proxyType = 2;
			remoteGlobalIDString = EE247ADD1C3F04ED00AE3E12;
			remoteInfo = "SQLiteTests iOS";
		};
		BA06E6781E3C2FB9007E4F81 /* PBXContainerItemProxy */ = {
			isa = PBXContainerItemProxy;
			containerPortal = BA06E66A1E3C2FB9007E4F81 /* SQLite.xcodeproj */;
			proxyType = 2;
			remoteGlobalIDString = EE247B3C1C3F3ED000AE3E12;
			remoteInfo = "SQLite Mac";
		};
		BA06E67A1E3C2FB9007E4F81 /* PBXContainerItemProxy */ = {
			isa = PBXContainerItemProxy;
			containerPortal = BA06E66A1E3C2FB9007E4F81 /* SQLite.xcodeproj */;
			proxyType = 2;
			remoteGlobalIDString = EE247B451C3F3ED000AE3E12;
			remoteInfo = "SQLiteTests Mac";
		};
		BA06E67C1E3C2FB9007E4F81 /* PBXContainerItemProxy */ = {
			isa = PBXContainerItemProxy;
			containerPortal = BA06E66A1E3C2FB9007E4F81 /* SQLite.xcodeproj */;
			proxyType = 2;
			remoteGlobalIDString = 03A65E5A1C6BB0F50062603F;
			remoteInfo = "SQLite tvOS";
		};
		BA06E67E1E3C2FB9007E4F81 /* PBXContainerItemProxy */ = {
			isa = PBXContainerItemProxy;
			containerPortal = BA06E66A1E3C2FB9007E4F81 /* SQLite.xcodeproj */;
			proxyType = 2;
			remoteGlobalIDString = 03A65E631C6BB0F60062603F;
			remoteInfo = "SQLiteTests tvOS";
		};
		BA06E6801E3C2FB9007E4F81 /* PBXContainerItemProxy */ = {
			isa = PBXContainerItemProxy;
			containerPortal = BA06E66A1E3C2FB9007E4F81 /* SQLite.xcodeproj */;
			proxyType = 2;
			remoteGlobalIDString = A121AC451CA35C79005A31D1;
			remoteInfo = "SQLite watchOS";
		};
		BA06E6861E3C30DF007E4F81 /* PBXContainerItemProxy */ = {
			isa = PBXContainerItemProxy;
			containerPortal = BA06E66A1E3C2FB9007E4F81 /* SQLite.xcodeproj */;
			proxyType = 1;
			remoteGlobalIDString = EE247AD21C3F04ED00AE3E12;
			remoteInfo = "SQLite iOS";
		};
		BA830F5F1E3C6AA3008F4404 /* PBXContainerItemProxy */ = {
			isa = PBXContainerItemProxy;
			containerPortal = BA830F591E3C6AA3008F4404 /* Charts.xcodeproj */;
			proxyType = 2;
			remoteGlobalIDString = 06165F241D8110E600722320;
			remoteInfo = Charts;
		};
		BA830F631E3C6AA3008F4404 /* PBXContainerItemProxy */ = {
			isa = PBXContainerItemProxy;
			containerPortal = BA830F591E3C6AA3008F4404 /* Charts.xcodeproj */;
			proxyType = 2;
			remoteGlobalIDString = 06165F2E1D8110E600722320;
			remoteInfo = ChartsTests;
		};
		BA830F671E3C6AE2008F4404 /* PBXContainerItemProxy */ = {
			isa = PBXContainerItemProxy;
			containerPortal = BA830F591E3C6AA3008F4404 /* Charts.xcodeproj */;
			proxyType = 1;
			remoteGlobalIDString = A58A4ED274A941CA248EA921;
			remoteInfo = Charts;
		};
/* End PBXContainerItemProxy section */

/* Begin PBXCopyFilesBuildPhase section */
		BA06E6881E3C30DF007E4F81 /* Embed Frameworks */ = {
			isa = PBXCopyFilesBuildPhase;
			buildActionMask = 2147483647;
			dstPath = "";
			dstSubfolderSpec = 10;
			files = (
				BA06E6851E3C30DF007E4F81 /* SQLite.framework in Embed Frameworks */,
				BA830F661E3C6AE2008F4404 /* Charts.framework in Embed Frameworks */,
			);
			name = "Embed Frameworks";
			runOnlyForDeploymentPostprocessing = 0;
		};
/* End PBXCopyFilesBuildPhase section */

/* Begin PBXFileReference section */
		BA06E6431E3C2EAF007E4F81 /* Expenses.app */ = {isa = PBXFileReference; explicitFileType = wrapper.application; includeInIndex = 0; path = Expenses.app; sourceTree = BUILT_PRODUCTS_DIR; };
		BA06E6461E3C2EAF007E4F81 /* AppDelegate.swift */ = {isa = PBXFileReference; lastKnownFileType = sourcecode.swift; path = AppDelegate.swift; sourceTree = "<group>"; };
		BA06E64D1E3C2EAF007E4F81 /* Base */ = {isa = PBXFileReference; lastKnownFileType = file.storyboard; name = Base; path = Base.lproj/Main.storyboard; sourceTree = "<group>"; };
		BA06E64F1E3C2EAF007E4F81 /* Assets.xcassets */ = {isa = PBXFileReference; lastKnownFileType = folder.assetcatalog; path = Assets.xcassets; sourceTree = "<group>"; };
		BA06E6521E3C2EAF007E4F81 /* Base */ = {isa = PBXFileReference; lastKnownFileType = file.storyboard; name = Base; path = Base.lproj/LaunchScreen.storyboard; sourceTree = "<group>"; };
		BA06E6541E3C2EAF007E4F81 /* Info.plist */ = {isa = PBXFileReference; lastKnownFileType = text.plist.xml; path = Info.plist; sourceTree = "<group>"; };
		BA06E65A1E3C2F06007E4F81 /* CategoryCell.swift */ = {isa = PBXFileReference; fileEncoding = 4; lastKnownFileType = sourcecode.swift; path = CategoryCell.swift; sourceTree = "<group>"; };
		BA06E65B1E3C2F06007E4F81 /* DatabaseManager.swift */ = {isa = PBXFileReference; fileEncoding = 4; lastKnownFileType = sourcecode.swift; path = DatabaseManager.swift; sourceTree = "<group>"; };
		BA06E65C1E3C2F06007E4F81 /* Expense.swift */ = {isa = PBXFileReference; fileEncoding = 4; lastKnownFileType = sourcecode.swift; path = Expense.swift; sourceTree = "<group>"; };
		BA06E65D1E3C2F06007E4F81 /* ExpenseCell.swift */ = {isa = PBXFileReference; fileEncoding = 4; lastKnownFileType = sourcecode.swift; path = ExpenseCell.swift; sourceTree = "<group>"; };
		BA06E65E1E3C2F06007E4F81 /* ExpenseViewController.swift */ = {isa = PBXFileReference; fileEncoding = 4; lastKnownFileType = sourcecode.swift; path = ExpenseViewController.swift; sourceTree = "<group>"; };
		BA06E65F1E3C2F06007E4F81 /* HistoryViewController.swift */ = {isa = PBXFileReference; fileEncoding = 4; lastKnownFileType = sourcecode.swift; path = HistoryViewController.swift; sourceTree = "<group>"; };
		BA06E6601E3C2F06007E4F81 /* OverviewViewController.swift */ = {isa = PBXFileReference; fileEncoding = 4; lastKnownFileType = sourcecode.swift; path = OverviewViewController.swift; sourceTree = "<group>"; };
		BA06E66A1E3C2FB9007E4F81 /* SQLite.xcodeproj */ = {isa = PBXFileReference; lastKnownFileType = "wrapper.pb-project"; name = SQLite.xcodeproj; path = SQLite.swift/SQLite.xcodeproj; sourceTree = "<group>"; };
		BA06E6941E3C3549007E4F81 /* en */ = {isa = PBXFileReference; lastKnownFileType = text.plist.strings; name = en; path = en.lproj/Main.strings; sourceTree = "<group>"; };
		BA06E6991E3C3797007E4F81 /* zh-Hans.lproj */ = {isa = PBXFileReference; lastKnownFileType = folder; path = "zh-Hans.lproj"; sourceTree = "<group>"; };
		BA06E69C1E3C37CD007E4F81 /* zh-Hans */ = {isa = PBXFileReference; lastKnownFileType = text.plist.strings; name = "zh-Hans"; path = "zh-Hans.lproj/Main.strings"; sourceTree = "<group>"; };
		BA830F591E3C6AA3008F4404 /* Charts.xcodeproj */ = {isa = PBXFileReference; lastKnownFileType = "wrapper.pb-project"; name = Charts.xcodeproj; path = SQLite.swift/../Charts/Charts.xcodeproj; sourceTree = "<group>"; };
/* End PBXFileReference section */

/* Begin PBXFrameworksBuildPhase section */
		BA06E6401E3C2EAF007E4F81 /* Frameworks */ = {
			isa = PBXFrameworksBuildPhase;
			buildActionMask = 2147483647;
			files = (
				BA06E6831E3C30B5007E4F81 /* SQLite.framework in Frameworks */,
				BA830F651E3C6AE2008F4404 /* Charts.framework in Frameworks */,
			);
			runOnlyForDeploymentPostprocessing = 0;
		};
/* End PBXFrameworksBuildPhase section */

/* Begin PBXGroup section */
		BA06E63A1E3C2EAF007E4F81 = {
			isa = PBXGroup;
			children = (
				BA06E6451E3C2EAF007E4F81 /* Budget */,
				BA06E6441E3C2EAF007E4F81 /* Products */,
				BA830F591E3C6AA3008F4404 /* Charts.xcodeproj */,
				BA06E66A1E3C2FB9007E4F81 /* SQLite.xcodeproj */,
			);
			sourceTree = "<group>";
		};
		BA06E6441E3C2EAF007E4F81 /* Products */ = {
			isa = PBXGroup;
			children = (
				BA06E6431E3C2EAF007E4F81 /* Expenses.app */,
			);
			name = Products;
			sourceTree = "<group>";
		};
		BA06E6451E3C2EAF007E4F81 /* Budget */ = {
			isa = PBXGroup;
			children = (
				BA06E6461E3C2EAF007E4F81 /* AppDelegate.swift */,
				BA06E65A1E3C2F06007E4F81 /* CategoryCell.swift */,
				BA06E65B1E3C2F06007E4F81 /* DatabaseManager.swift */,
				BA06E65C1E3C2F06007E4F81 /* Expense.swift */,
				BA06E65D1E3C2F06007E4F81 /* ExpenseCell.swift */,
				BA06E65E1E3C2F06007E4F81 /* ExpenseViewController.swift */,
				BA06E65F1E3C2F06007E4F81 /* HistoryViewController.swift */,
				BA06E6601E3C2F06007E4F81 /* OverviewViewController.swift */,
				BA06E64C1E3C2EAF007E4F81 /* Main.storyboard */,
				BA06E64F1E3C2EAF007E4F81 /* Assets.xcassets */,
				BA06E6511E3C2EAF007E4F81 /* LaunchScreen.storyboard */,
				BA06E6541E3C2EAF007E4F81 /* Info.plist */,
				BA06E6991E3C3797007E4F81 /* zh-Hans.lproj */,
			);
			path = Budget;
			sourceTree = "<group>";
		};
		BA06E66B1E3C2FB9007E4F81 /* Products */ = {
			isa = PBXGroup;
			children = (
				BA06E6751E3C2FB9007E4F81 /* SQLite.framework */,
				BA06E6771E3C2FB9007E4F81 /* SQLiteTests iOS.xctest */,
				BA06E6791E3C2FB9007E4F81 /* SQLite.framework */,
				BA06E67B1E3C2FB9007E4F81 /* SQLiteTests Mac.xctest */,
				BA06E67D1E3C2FB9007E4F81 /* SQLite.framework */,
				BA06E67F1E3C2FB9007E4F81 /* SQLiteTests tvOS.xctest */,
				BA06E6811E3C2FB9007E4F81 /* SQLite.framework */,
			);
			name = Products;
			sourceTree = "<group>";
		};
		BA830F5A1E3C6AA3008F4404 /* Products */ = {
			isa = PBXGroup;
			children = (
				BA830F601E3C6AA3008F4404 /* Charts.framework */,
				BA830F641E3C6AA3008F4404 /* ChartsTests.xctest */,
			);
			name = Products;
			sourceTree = "<group>";
		};
/* End PBXGroup section */

/* Begin PBXNativeTarget section */
		BA06E6421E3C2EAF007E4F81 /* Expenses */ = {
			isa = PBXNativeTarget;
			buildConfigurationList = BA06E6571E3C2EAF007E4F81 /* Build configuration list for PBXNativeTarget "Expenses" */;
			buildPhases = (
				BA06E63F1E3C2EAF007E4F81 /* Sources */,
				BA06E6401E3C2EAF007E4F81 /* Frameworks */,
				BA06E6411E3C2EAF007E4F81 /* Resources */,
				BA06E6881E3C30DF007E4F81 /* Embed Frameworks */,
			);
			buildRules = (
			);
			dependencies = (
				BA06E6871E3C30DF007E4F81 /* PBXTargetDependency */,
				BA830F681E3C6AE2008F4404 /* PBXTargetDependency */,
			);
			name = Expenses;
			productName = Budget;
			productReference = BA06E6431E3C2EAF007E4F81 /* Expenses.app */;
			productType = "com.apple.product-type.application";
		};
/* End PBXNativeTarget section */

/* Begin PBXProject section */
		BA06E63B1E3C2EAF007E4F81 /* Project object */ = {
			isa = PBXProject;
			attributes = {
				LastSwiftUpdateCheck = 0820;
				LastUpgradeCheck = 1010;
				ORGANIZATIONNAME = "Henry Zhao";
				TargetAttributes = {
					BA06E6421E3C2EAF007E4F81 = {
						CreatedOnToolsVersion = 8.2.1;
						LastSwiftMigration = 1010;
						ProvisioningStyle = Automatic;
					};
				};
			};
			buildConfigurationList = BA06E63E1E3C2EAF007E4F81 /* Build configuration list for PBXProject "Expenses" */;
			compatibilityVersion = "Xcode 9.3";
			developmentRegion = English;
			hasScannedForEncodings = 0;
			knownRegions = (
				en,
				Base,
			);
			mainGroup = BA06E63A1E3C2EAF007E4F81;
			productRefGroup = BA06E6441E3C2EAF007E4F81 /* Products */;
			projectDirPath = "";
			projectReferences = (
				{
					ProductGroup = BA830F5A1E3C6AA3008F4404 /* Products */;
					ProjectRef = BA830F591E3C6AA3008F4404 /* Charts.xcodeproj */;
				},
				{
					ProductGroup = BA06E66B1E3C2FB9007E4F81 /* Products */;
					ProjectRef = BA06E66A1E3C2FB9007E4F81 /* SQLite.xcodeproj */;
				},
			);
			projectRoot = "";
			targets = (
				BA06E6421E3C2EAF007E4F81 /* Expenses */,
			);
		};
/* End PBXProject section */

/* Begin PBXReferenceProxy section */
		BA06E6751E3C2FB9007E4F81 /* SQLite.framework */ = {
			isa = PBXReferenceProxy;
			fileType = wrapper.framework;
			path = SQLite.framework;
			remoteRef = BA06E6741E3C2FB9007E4F81 /* PBXContainerItemProxy */;
			sourceTree = BUILT_PRODUCTS_DIR;
		};
		BA06E6771E3C2FB9007E4F81 /* SQLiteTests iOS.xctest */ = {
			isa = PBXReferenceProxy;
			fileType = wrapper.cfbundle;
			path = "SQLiteTests iOS.xctest";
			remoteRef = BA06E6761E3C2FB9007E4F81 /* PBXContainerItemProxy */;
			sourceTree = BUILT_PRODUCTS_DIR;
		};
		BA06E6791E3C2FB9007E4F81 /* SQLite.framework */ = {
			isa = PBXReferenceProxy;
			fileType = wrapper.framework;
			path = SQLite.framework;
			remoteRef = BA06E6781E3C2FB9007E4F81 /* PBXContainerItemProxy */;
			sourceTree = BUILT_PRODUCTS_DIR;
		};
		BA06E67B1E3C2FB9007E4F81 /* SQLiteTests Mac.xctest */ = {
			isa = PBXReferenceProxy;
			fileType = wrapper.cfbundle;
			path = "SQLiteTests Mac.xctest";
			remoteRef = BA06E67A1E3C2FB9007E4F81 /* PBXContainerItemProxy */;
			sourceTree = BUILT_PRODUCTS_DIR;
		};
		BA06E67D1E3C2FB9007E4F81 /* SQLite.framework */ = {
			isa = PBXReferenceProxy;
			fileType = wrapper.framework;
			path = SQLite.framework;
			remoteRef = BA06E67C1E3C2FB9007E4F81 /* PBXContainerItemProxy */;
			sourceTree = BUILT_PRODUCTS_DIR;
		};
		BA06E67F1E3C2FB9007E4F81 /* SQLiteTests tvOS.xctest */ = {
			isa = PBXReferenceProxy;
			fileType = wrapper.cfbundle;
			path = "SQLiteTests tvOS.xctest";
			remoteRef = BA06E67E1E3C2FB9007E4F81 /* PBXContainerItemProxy */;
			sourceTree = BUILT_PRODUCTS_DIR;
		};
		BA06E6811E3C2FB9007E4F81 /* SQLite.framework */ = {
			isa = PBXReferenceProxy;
			fileType = wrapper.framework;
			path = SQLite.framework;
			remoteRef = BA06E6801E3C2FB9007E4F81 /* PBXContainerItemProxy */;
			sourceTree = BUILT_PRODUCTS_DIR;
		};
		BA830F601E3C6AA3008F4404 /* Charts.framework */ = {
			isa = PBXReferenceProxy;
			fileType = wrapper.framework;
			path = Charts.framework;
			remoteRef = BA830F5F1E3C6AA3008F4404 /* PBXContainerItemProxy */;
			sourceTree = BUILT_PRODUCTS_DIR;
		};
		BA830F641E3C6AA3008F4404 /* ChartsTests.xctest */ = {
			isa = PBXReferenceProxy;
			fileType = wrapper.cfbundle;
			path = ChartsTests.xctest;
			remoteRef = BA830F631E3C6AA3008F4404 /* PBXContainerItemProxy */;
			sourceTree = BUILT_PRODUCTS_DIR;
		};
/* End PBXReferenceProxy section */

/* Begin PBXResourcesBuildPhase section */
		BA06E6411E3C2EAF007E4F81 /* Resources */ = {
			isa = PBXResourcesBuildPhase;
			buildActionMask = 2147483647;
			files = (
				BA06E6531E3C2EAF007E4F81 /* LaunchScreen.storyboard in Resources */,
				BA06E6501E3C2EAF007E4F81 /* Assets.xcassets in Resources */,
				BA06E69A1E3C3797007E4F81 /* zh-Hans.lproj in Resources */,
				BA06E64E1E3C2EAF007E4F81 /* Main.storyboard in Resources */,
			);
			runOnlyForDeploymentPostprocessing = 0;
		};
/* End PBXResourcesBuildPhase section */

/* Begin PBXSourcesBuildPhase section */
		BA06E63F1E3C2EAF007E4F81 /* Sources */ = {
			isa = PBXSourcesBuildPhase;
			buildActionMask = 2147483647;
			files = (
				BA06E6631E3C2F06007E4F81 /* Expense.swift in Sources */,
				BA06E6471E3C2EAF007E4F81 /* AppDelegate.swift in Sources */,
				BA06E6641E3C2F06007E4F81 /* ExpenseCell.swift in Sources */,
				BA06E6611E3C2F06007E4F81 /* CategoryCell.swift in Sources */,
				BA06E6621E3C2F06007E4F81 /* DatabaseManager.swift in Sources */,
				BA06E6671E3C2F06007E4F81 /* OverviewViewController.swift in Sources */,
				BA06E6661E3C2F06007E4F81 /* HistoryViewController.swift in Sources */,
				BA06E6651E3C2F06007E4F81 /* ExpenseViewController.swift in Sources */,
			);
			runOnlyForDeploymentPostprocessing = 0;
		};
/* End PBXSourcesBuildPhase section */

/* Begin PBXTargetDependency section */
		BA06E6871E3C30DF007E4F81 /* PBXTargetDependency */ = {
			isa = PBXTargetDependency;
			name = "SQLite iOS";
			targetProxy = BA06E6861E3C30DF007E4F81 /* PBXContainerItemProxy */;
		};
		BA830F681E3C6AE2008F4404 /* PBXTargetDependency */ = {
			isa = PBXTargetDependency;
			name = Charts;
			targetProxy = BA830F671E3C6AE2008F4404 /* PBXContainerItemProxy */;
		};
/* End PBXTargetDependency section */

/* Begin PBXVariantGroup section */
		BA06E64C1E3C2EAF007E4F81 /* Main.storyboard */ = {
			isa = PBXVariantGroup;
			children = (
				BA06E64D1E3C2EAF007E4F81 /* Base */,
				BA06E6941E3C3549007E4F81 /* en */,
				BA06E69C1E3C37CD007E4F81 /* zh-Hans */,
			);
			name = Main.storyboard;
			sourceTree = "<group>";
		};
		BA06E6511E3C2EAF007E4F81 /* LaunchScreen.storyboard */ = {
			isa = PBXVariantGroup;
			children = (
				BA06E6521E3C2EAF007E4F81 /* Base */,
			);
			name = LaunchScreen.storyboard;
			sourceTree = "<group>";
		};
/* End PBXVariantGroup section */

/* Begin XCBuildConfiguration section */
		BA06E6551E3C2EAF007E4F81 /* Debug */ = {
			isa = XCBuildConfiguration;
			buildSettings = {
				ALWAYS_SEARCH_USER_PATHS = NO;
				CLANG_ANALYZER_LOCALIZABILITY_NONLOCALIZED = YES;
				CLANG_ANALYZER_NONNULL = YES;
				CLANG_CXX_LANGUAGE_STANDARD = "gnu++0x";
				CLANG_CXX_LIBRARY = "libc++";
				CLANG_ENABLE_MODULES = YES;
				CLANG_ENABLE_OBJC_ARC = YES;
				CLANG_WARN_BLOCK_CAPTURE_AUTORELEASING = YES;
				CLANG_WARN_BOOL_CONVERSION = YES;
				CLANG_WARN_COMMA = YES;
				CLANG_WARN_CONSTANT_CONVERSION = YES;
				CLANG_WARN_DEPRECATED_OBJC_IMPLEMENTATIONS = YES;
				CLANG_WARN_DIRECT_OBJC_ISA_USAGE = YES_ERROR;
				CLANG_WARN_DOCUMENTATION_COMMENTS = YES;
				CLANG_WARN_EMPTY_BODY = YES;
				CLANG_WARN_ENUM_CONVERSION = YES;
				CLANG_WARN_INFINITE_RECURSION = YES;
				CLANG_WARN_INT_CONVERSION = YES;
				CLANG_WARN_NON_LITERAL_NULL_CONVERSION = YES;
				CLANG_WARN_OBJC_IMPLICIT_RETAIN_SELF = YES;
				CLANG_WARN_OBJC_LITERAL_CONVERSION = YES;
				CLANG_WARN_OBJC_ROOT_CLASS = YES_ERROR;
				CLANG_WARN_RANGE_LOOP_ANALYSIS = YES;
				CLANG_WARN_STRICT_PROTOTYPES = YES;
				CLANG_WARN_SUSPICIOUS_MOVE = YES;
				CLANG_WARN_UNREACHABLE_CODE = YES;
				CLANG_WARN__DUPLICATE_METHOD_MATCH = YES;
				CODE_SIGN_IDENTITY = "iPhone Developer";
				"CODE_SIGN_IDENTITY[sdk=iphoneos*]" = "iPhone Developer";
				COPY_PHASE_STRIP = NO;
				DEBUG_INFORMATION_FORMAT = dwarf;
				ENABLE_STRICT_OBJC_MSGSEND = YES;
				ENABLE_TESTABILITY = YES;
				GCC_C_LANGUAGE_STANDARD = gnu99;
				GCC_DYNAMIC_NO_PIC = NO;
				GCC_NO_COMMON_BLOCKS = YES;
				GCC_OPTIMIZATION_LEVEL = 0;
				GCC_PREPROCESSOR_DEFINITIONS = (
					"DEBUG=1",
					"$(inherited)",
				);
				GCC_WARN_64_TO_32_BIT_CONVERSION = YES;
				GCC_WARN_ABOUT_RETURN_TYPE = YES_ERROR;
				GCC_WARN_UNDECLARED_SELECTOR = YES;
				GCC_WARN_UNINITIALIZED_AUTOS = YES_AGGRESSIVE;
				GCC_WARN_UNUSED_FUNCTION = YES;
				GCC_WARN_UNUSED_VARIABLE = YES;
				IPHONEOS_DEPLOYMENT_TARGET = 10.3;
				MTL_ENABLE_DEBUG_INFO = YES;
				ONLY_ACTIVE_ARCH = YES;
				SDKROOT = iphoneos;
				SWIFT_ACTIVE_COMPILATION_CONDITIONS = DEBUG;
				SWIFT_COMPILATION_MODE = singlefile;
				SWIFT_OPTIMIZATION_LEVEL = "-Onone";
			};
			name = Debug;
		};
		BA06E6561E3C2EAF007E4F81 /* Release */ = {
			isa = XCBuildConfiguration;
			buildSettings = {
				ALWAYS_SEARCH_USER_PATHS = NO;
				CLANG_ANALYZER_LOCALIZABILITY_NONLOCALIZED = YES;
				CLANG_ANALYZER_NONNULL = YES;
				CLANG_CXX_LANGUAGE_STANDARD = "gnu++0x";
				CLANG_CXX_LIBRARY = "libc++";
				CLANG_ENABLE_MODULES = YES;
				CLANG_ENABLE_OBJC_ARC = YES;
				CLANG_WARN_BLOCK_CAPTURE_AUTORELEASING = YES;
				CLANG_WARN_BOOL_CONVERSION = YES;
				CLANG_WARN_COMMA = YES;
				CLANG_WARN_CONSTANT_CONVERSION = YES;
				CLANG_WARN_DEPRECATED_OBJC_IMPLEMENTATIONS = YES;
				CLANG_WARN_DIRECT_OBJC_ISA_USAGE = YES_ERROR;
				CLANG_WARN_DOCUMENTATION_COMMENTS = YES;
				CLANG_WARN_EMPTY_BODY = YES;
				CLANG_WARN_ENUM_CONVERSION = YES;
				CLANG_WARN_INFINITE_RECURSION = YES;
				CLANG_WARN_INT_CONVERSION = YES;
				CLANG_WARN_NON_LITERAL_NULL_CONVERSION = YES;
				CLANG_WARN_OBJC_IMPLICIT_RETAIN_SELF = YES;
				CLANG_WARN_OBJC_LITERAL_CONVERSION = YES;
				CLANG_WARN_OBJC_ROOT_CLASS = YES_ERROR;
				CLANG_WARN_RANGE_LOOP_ANALYSIS = YES;
				CLANG_WARN_STRICT_PROTOTYPES = YES;
				CLANG_WARN_SUSPICIOUS_MOVE = YES;
				CLANG_WARN_UNREACHABLE_CODE = YES;
				CLANG_WARN__DUPLICATE_METHOD_MATCH = YES;
				CODE_SIGN_IDENTITY = "iPhone Developer";
				"CODE_SIGN_IDENTITY[sdk=iphoneos*]" = "iPhone Distribution";
				COPY_PHASE_STRIP = NO;
				DEBUG_INFORMATION_FORMAT = "dwarf-with-dsym";
				ENABLE_NS_ASSERTIONS = NO;
				ENABLE_STRICT_OBJC_MSGSEND = YES;
				GCC_C_LANGUAGE_STANDARD = gnu99;
				GCC_NO_COMMON_BLOCKS = YES;
				GCC_WARN_64_TO_32_BIT_CONVERSION = YES;
				GCC_WARN_ABOUT_RETURN_TYPE = YES_ERROR;
				GCC_WARN_UNDECLARED_SELECTOR = YES;
				GCC_WARN_UNINITIALIZED_AUTOS = YES_AGGRESSIVE;
				GCC_WARN_UNUSED_FUNCTION = YES;
				GCC_WARN_UNUSED_VARIABLE = YES;
				IPHONEOS_DEPLOYMENT_TARGET = 10.3;
				MTL_ENABLE_DEBUG_INFO = NO;
				SDKROOT = iphoneos;
				SWIFT_COMPILATION_MODE = wholemodule;
				SWIFT_OPTIMIZATION_LEVEL = "-O";
				VALIDATE_PRODUCT = YES;
			};
			name = Release;
		};
		BA06E6581E3C2EAF007E4F81 /* Debug */ = {
			isa = XCBuildConfiguration;
			buildSettings = {
				ALWAYS_EMBED_SWIFT_STANDARD_LIBRARIES = YES;
				ASSETCATALOG_COMPILER_APPICON_NAME = AppIcon;
				CODE_SIGN_IDENTITY = "iPhone Developer";
				CODE_SIGN_STYLE = Automatic;
				DEVELOPMENT_TEAM = 487Q2BZ39X;
				INFOPLIST_FILE = Budget/Info.plist;
				IPHONEOS_DEPLOYMENT_TARGET = 10.0;
				LD_RUNPATH_SEARCH_PATHS = (
					"$(inherited)",
					"@executable_path/Frameworks",
				);
				PRODUCT_BUNDLE_IDENTIFIER = net.henryzhao.budget;
				PRODUCT_NAME = "$(TARGET_NAME)";
				PROVISIONING_PROFILE_SPECIFIER = "";
				SWIFT_SWIFT3_OBJC_INFERENCE = On;
				SWIFT_VERSION = 4.2;
			};
			name = Debug;
		};
		BA06E6591E3C2EAF007E4F81 /* Release */ = {
			isa = XCBuildConfiguration;
			buildSettings = {
				ALWAYS_EMBED_SWIFT_STANDARD_LIBRARIES = YES;
				ASSETCATALOG_COMPILER_APPICON_NAME = AppIcon;
				CODE_SIGN_IDENTITY = "iPhone Developer";
				CODE_SIGN_STYLE = Automatic;
				DEVELOPMENT_TEAM = 487Q2BZ39X;
				INFOPLIST_FILE = Budget/Info.plist;
				IPHONEOS_DEPLOYMENT_TARGET = 10.0;
				LD_RUNPATH_SEARCH_PATHS = (
					"$(inherited)",
					"@executable_path/Frameworks",
				);
				PRODUCT_BUNDLE_IDENTIFIER = net.henryzhao.budget;
				PRODUCT_NAME = "$(TARGET_NAME)";
				PROVISIONING_PROFILE_SPECIFIER = "";
				SWIFT_SWIFT3_OBJC_INFERENCE = On;
				SWIFT_VERSION = 4.2;
			};
			name = Release;
		};
/* End XCBuildConfiguration section */

/* Begin XCConfigurationList section */
		BA06E63E1E3C2EAF007E4F81 /* Build configuration list for PBXProject "Expenses" */ = {
			isa = XCConfigurationList;
			buildConfigurations = (
				BA06E6551E3C2EAF007E4F81 /* Debug */,
				BA06E6561E3C2EAF007E4F81 /* Release */,
			);
			defaultConfigurationIsVisible = 0;
			defaultConfigurationName = Release;
		};
		BA06E6571E3C2EAF007E4F81 /* Build configuration list for PBXNativeTarget "Expenses" */ = {
			isa = XCConfigurationList;
			buildConfigurations = (
				BA06E6581E3C2EAF007E4F81 /* Debug */,
				BA06E6591E3C2EAF007E4F81 /* Release */,
			);
			defaultConfigurationIsVisible = 0;
			defaultConfigurationName = Release;
		};
/* End XCConfigurationList section */
	};
	rootObject = BA06E63B1E3C2EAF007E4F81 /* Project object */;
}
